
Microsoft Visual Studio Solution File, Format Version 12.00
# Visual Studio Version 16
VisualStudioVersion = 16.0.31213.239
MinimumVisualStudioVersion = 10.0.40219.1
Project("{9A19103F-16F7-4668-BE54-9A1E7A4F7556}") = "Droid", "Droid\Droid.csproj", "{3F548BED-AFAE-4F1C-AAED-433C82A0B7A9}"
EndProject
Project("{9A19103F-16F7-4668-BE54-9A1E7A4F7556}") = "System.NumericsX", "System.NumericsX\System.NumericsX.csproj", "{D5B8C4A1-D267-46A4-8398-60E13FC1F686}"
EndProject
Project("{9A19103F-16F7-4668-BE54-9A1E7A4F7556}") = "Gengine.Core", "Gengine.Core\Gengine.Core.csproj", "{ECD6D3D7-3893-493B-A6C7-8E87FD011DCF}"
EndProject
Project("{9A19103F-16F7-4668-BE54-9A1E7A4F7556}") = "Gengine.Framework", "Gengine.Framework\Gengine.Framework.csproj", "{08F08A85-42DF-4744-AB80-6E13FC99FB08}"
EndProject
Project("{9A19103F-16F7-4668-BE54-9A1E7A4F7556}") = "Gengine.FrameworkConsole", "Gengine.FrameworkConsole\Gengine.FrameworkConsole.csproj", "{A93667AD-46EC-4937-92AE-99707A8A1972}"
EndProject
Project("{9A19103F-16F7-4668-BE54-9A1E7A4F7556}") = "Gengine.FrameworkDeclare", "Gengine.FrameworkDeclare\Gengine.FrameworkDeclare.csproj", "{E1DFA2E3-57D0-425C-AF8A-40F04E3F163B}"
EndProject
Project("{9A19103F-16F7-4668-BE54-9A1E7A4F7556}") = "Gengine.FrameworkSession", "Gengine.FrameworkSession\Gengine.FrameworkSession.csproj", "{16B2E783-0159-4C85-85AA-05523F9178FC}"
EndProject
Project("{9A19103F-16F7-4668-BE54-9A1E7A4F7556}") = "Gengine.Sound", "Gengine.Sound\Gengine.Sound.csproj", "{BC8872C7-6187-48D0-B5B9-B8FBF2633777}"
EndProject
Project("{9A19103F-16F7-4668-BE54-9A1E7A4F7556}") = "Gengine.UI", "Gengine.UI\Gengine.UI.csproj", "{0D4423B1-60B6-4623-AD97-BB3E423AB91B}"
EndProject
Project("{9A19103F-16F7-4668-BE54-9A1E7A4F7556}") = "Gengine.Render", "Gengine.Render\Gengine.Render.csproj", "{6AD36A58-AB17-41EF-8F88-B2F802C36D32}"
EndProject
Project("{9A19103F-16F7-4668-BE54-9A1E7A4F7556}") = "System.NumericsX.OpenAL", "System.NumericsX.OpenAL\System.NumericsX.OpenAL.csproj", "{ACC3CC82-EC38-4550-94E4-F7A772FAA089}"
EndProject
Project("{9A19103F-16F7-4668-BE54-9A1E7A4F7556}") = "Gengine.NumericsX", "Gengine.NumericsX\Gengine.NumericsX.csproj", "{BF65D27B-AF0E-4C4C-AC14-80643A47960B}"
EndProject
Global
	GlobalSection(SolutionConfigurationPlatforms) = preSolution
		Debug|Any CPU = Debug|Any CPU
		Release|Any CPU = Release|Any CPU
	EndGlobalSection
	GlobalSection(ProjectConfigurationPlatforms) = postSolution
		{3F548BED-AFAE-4F1C-AAED-433C82A0B7A9}.Debug|Any CPU.ActiveCfg = Debug|Any CPU
		{3F548BED-AFAE-4F1C-AAED-433C82A0B7A9}.Debug|Any CPU.Build.0 = Debug|Any CPU
		{3F548BED-AFAE-4F1C-AAED-433C82A0B7A9}.Release|Any CPU.ActiveCfg = Release|Any CPU
		{3F548BED-AFAE-4F1C-AAED-433C82A0B7A9}.Release|Any CPU.Build.0 = Release|Any CPU
		{D5B8C4A1-D267-46A4-8398-60E13FC1F686}.Debug|Any CPU.ActiveCfg = Debug|Any CPU
		{D5B8C4A1-D267-46A4-8398-60E13FC1F686}.Debug|Any CPU.Build.0 = Debug|Any CPU
		{D5B8C4A1-D267-46A4-8398-60E13FC1F686}.Release|Any CPU.ActiveCfg = Release|Any CPU
		{D5B8C4A1-D267-46A4-8398-60E13FC1F686}.Release|Any CPU.Build.0 = Release|Any CPU
		{ECD6D3D7-3893-493B-A6C7-8E87FD011DCF}.Debug|Any CPU.ActiveCfg = Debug|Any CPU
		{ECD6D3D7-3893-493B-A6C7-8E87FD011DCF}.Debug|Any CPU.Build.0 = Debug|Any CPU
		{ECD6D3D7-3893-493B-A6C7-8E87FD011DCF}.Release|Any CPU.ActiveCfg = Release|Any CPU
		{ECD6D3D7-3893-493B-A6C7-8E87FD011DCF}.Release|Any CPU.Build.0 = Release|Any CPU
		{08F08A85-42DF-4744-AB80-6E13FC99FB08}.Debug|Any CPU.ActiveCfg = Debug|Any CPU
		{08F08A85-42DF-4744-AB80-6E13FC99FB08}.Debug|Any CPU.Build.0 = Debug|Any CPU
		{08F08A85-42DF-4744-AB80-6E13FC99FB08}.Release|Any CPU.ActiveCfg = Release|Any CPU
		{08F08A85-42DF-4744-AB80-6E13FC99FB08}.Release|Any CPU.Build.0 = Release|Any CPU
		{A93667AD-46EC-4937-92AE-99707A8A1972}.Debug|Any CPU.ActiveCfg = Debug|Any CPU
		{A93667AD-46EC-4937-92AE-99707A8A1972}.Debug|Any CPU.Build.0 = Debug|Any CPU
		{A93667AD-46EC-4937-92AE-99707A8A1972}.Release|Any CPU.ActiveCfg = Release|Any CPU
		{A93667AD-46EC-4937-92AE-99707A8A1972}.Release|Any CPU.Build.0 = Release|Any CPU
		{E1DFA2E3-57D0-425C-AF8A-40F04E3F163B}.Debug|Any CPU.ActiveCfg = Debug|Any CPU
		{E1DFA2E3-57D0-425C-AF8A-40F04E3F163B}.Debug|Any CPU.Build.0 = Debug|Any CPU
		{E1DFA2E3-57D0-425C-AF8A-40F04E3F163B}.Release|Any CPU.ActiveCfg = Release|Any CPU
		{E1DFA2E3-57D0-425C-AF8A-40F04E3F163B}.Release|Any CPU.Build.0 = Release|Any CPU
		{16B2E783-0159-4C85-85AA-05523F9178FC}.Debug|Any CPU.ActiveCfg = Debug|Any CPU
		{16B2E783-0159-4C85-85AA-05523F9178FC}.Debug|Any CPU.Build.0 = Debug|Any CPU
		{16B2E783-0159-4C85-85AA-05523F9178FC}.Release|Any CPU.ActiveCfg = Release|Any CPU
		{16B2E783-0159-4C85-85AA-05523F9178FC}.Release|Any CPU.Build.0 = Release|Any CPU
		{BC8872C7-6187-48D0-B5B9-B8FBF2633777}.Debug|Any CPU.ActiveCfg = Debug|Any CPU
		{BC8872C7-6187-48D0-B5B9-B8FBF2633777}.Debug|Any CPU.Build.0 = Debug|Any CPU
		{BC8872C7-6187-48D0-B5B9-B8FBF2633777}.Release|Any CPU.ActiveCfg = Release|Any CPU
		{BC8872C7-6187-48D0-B5B9-B8FBF2633777}.Release|Any CPU.Build.0 = Release|Any CPU
		{0D4423B1-60B6-4623-AD97-BB3E423AB91B}.Debug|Any CPU.ActiveCfg = Debug|Any CPU
		{0D4423B1-60B6-4623-AD97-BB3E423AB91B}.Debug|Any CPU.Build.0 = Debug|Any CPU
		{0D4423B1-60B6-4623-AD97-BB3E423AB91B}.Release|Any CPU.ActiveCfg = Release|Any CPU
		{0D4423B1-60B6-4623-AD97-BB3E423AB91B}.Release|Any CPU.Build.0 = Release|Any CPU
		{6AD36A58-AB17-41EF-8F88-B2F802C36D32}.Debug|Any CPU.ActiveCfg = Debug|Any CPU
		{6AD36A58-AB17-41EF-8F88-B2F802C36D32}.Debug|Any CPU.Build.0 = Debug|Any CPU
		{6AD36A58-AB17-41EF-8F88-B2F802C36D32}.Release|Any CPU.ActiveCfg = Release|Any CPU
		{6AD36A58-AB17-41EF-8F88-B2F802C36D32}.Release|Any CPU.Build.0 = Release|Any CPU
		{ACC3CC82-EC38-4550-94E4-F7A772FAA089}.Debug|Any CPU.ActiveCfg = Debug|Any CPU
		{ACC3CC82-EC38-4550-94E4-F7A772FAA089}.Debug|Any CPU.Build.0 = Debug|Any CPU
		{ACC3CC82-EC38-4550-94E4-F7A772FAA089}.Release|Any CPU.ActiveCfg = Release|Any CPU
		{ACC3CC82-EC38-4550-94E4-F7A772FAA089}.Release|Any CPU.Build.0 = Release|Any CPU
		{BF65D27B-AF0E-4C4C-AC14-80643A47960B}.Debug|Any CPU.ActiveCfg = Debug|Any CPU
		{BF65D27B-AF0E-4C4C-AC14-80643A47960B}.Debug|Any CPU.Build.0 = Debug|Any CPU
		{BF65D27B-AF0E-4C4C-AC14-80643A47960B}.Release|Any CPU.ActiveCfg = Release|Any CPU
		{BF65D27B-AF0E-4C4C-AC14-80643A47960B}.Release|Any CPU.Build.0 = Release|Any CPU
	EndGlobalSection
	GlobalSection(SolutionProperties) = preSolution
		HideSolutionNode = FALSE
	EndGlobalSection
	GlobalSection(ExtensibilityGlobals) = postSolution
		SolutionGuid = {07AC3E66-4BD1-456D-B878-7C993D012FD6}
	EndGlobalSection
EndGlobal
