
Microsoft Visual Studio Solution File, Format Version 12.00
# Visual Studio Version 16
VisualStudioVersion = 16.0.31213.239
MinimumVisualStudioVersion = 10.0.40219.1
Project("{9A19103F-16F7-4668-BE54-9A1E7A4F7556}") = "Droid", "Droid\Droid.csproj", "{3F548BED-AFAE-4F1C-AAED-433C82A0B7A9}"
EndProject
Project("{9A19103F-16F7-4668-BE54-9A1E7A4F7556}") = "System.NumericsX", "System.NumericsX\System.NumericsX.csproj", "{D5B8C4A1-D267-46A4-8398-60E13FC1F686}"
EndProject
Project("{9A19103F-16F7-4668-BE54-9A1E7A4F7556}") = "Gengine.Framework", "Gengine.Framework\Gengine.Framework.csproj", "{E1DFA2E3-57D0-425C-AF8A-40F04E3F163B}"
EndProject
Project("{9A19103F-16F7-4668-BE54-9A1E7A4F7556}") = "System.NumericsX.OpenStack.GngineSound", "System.NumericsX.OpenStack.GngineSound\System.NumericsX.OpenStack.GngineSound.csproj", "{BC8872C7-6187-48D0-B5B9-B8FBF2633777}"
EndProject
Project("{9A19103F-16F7-4668-BE54-9A1E7A4F7556}") = "System.NumericsX.OpenStack.GngineUI", "System.NumericsX.OpenStack.GngineUI\System.NumericsX.OpenStack.GngineUI.csproj", "{0D4423B1-60B6-4623-AD97-BB3E423AB91B}"
EndProject
Project("{9A19103F-16F7-4668-BE54-9A1E7A4F7556}") = "Gengine.Render", "Gengine.Render\Gengine.Render.csproj", "{6AD36A58-AB17-41EF-8F88-B2F802C36D32}"
EndProject
Project("{9A19103F-16F7-4668-BE54-9A1E7A4F7556}") = "System.NumericsX.OpenAL", "System.NumericsX.OpenAL\System.NumericsX.OpenAL.csproj", "{ACC3CC82-EC38-4550-94E4-F7A772FAA089}"
EndProject
Project("{9A19103F-16F7-4668-BE54-9A1E7A4F7556}") = "System.NumericsX.OggVorbis", "System.NumericsX.OggVorbis\System.NumericsX.OggVorbis.csproj", "{3FA3004D-1C07-47E0-ADE0-316A45579DEE}"
EndProject
Project("{9A19103F-16F7-4668-BE54-9A1E7A4F7556}") = "System.NumericsX.OpenStack", "System.NumericsX.OpenStack\System.NumericsX.OpenStack.csproj", "{9BBFCF1E-7233-464A-B498-4BE5A3E16EC3}"
EndProject
Project("{9A19103F-16F7-4668-BE54-9A1E7A4F7556}") = "System.NumericsX.OpenStack.System", "System.NumericsX.OpenStack.System\System.NumericsX.OpenStack.System.csproj", "{3F62E907-1AC8-4EEE-8D1C-2EA4A8409DD4}"
EndProject
Project("{9A19103F-16F7-4668-BE54-9A1E7A4F7556}") = "System.NumericsX.Tests", "System.NumericsX.Tests\System.NumericsX.Tests.csproj", "{D862DC05-EF7F-4930-9A33-D349724A0B50}"
EndProject
Project("{9A19103F-16F7-4668-BE54-9A1E7A4F7556}") = "Gengine.CM", "Gengine.CM\Gengine.CM.csproj", "{6211E066-7021-4FBB-AE67-4D6EAE9D393E}"
EndProject
Project("{9A19103F-16F7-4668-BE54-9A1E7A4F7556}") = "System.NumericsX.OpenStack.Gngine", "System.NumericsX.OpenStack.Gngine\System.NumericsX.OpenStack.Gngine.csproj", "{B632B073-41E4-421A-BD61-6AC62E9E970E}"
EndProject
Global
	GlobalSection(SolutionConfigurationPlatforms) = preSolution
		Debug|Any CPU = Debug|Any CPU
		Release|Any CPU = Release|Any CPU
	EndGlobalSection
	GlobalSection(ProjectConfigurationPlatforms) = postSolution
		{3F548BED-AFAE-4F1C-AAED-433C82A0B7A9}.Debug|Any CPU.ActiveCfg = Debug|Any CPU
		{3F548BED-AFAE-4F1C-AAED-433C82A0B7A9}.Debug|Any CPU.Build.0 = Debug|Any CPU
		{3F548BED-AFAE-4F1C-AAED-433C82A0B7A9}.Release|Any CPU.ActiveCfg = Release|Any CPU
		{3F548BED-AFAE-4F1C-AAED-433C82A0B7A9}.Release|Any CPU.Build.0 = Release|Any CPU
		{D5B8C4A1-D267-46A4-8398-60E13FC1F686}.Debug|Any CPU.ActiveCfg = Debug|Any CPU
		{D5B8C4A1-D267-46A4-8398-60E13FC1F686}.Debug|Any CPU.Build.0 = Debug|Any CPU
		{D5B8C4A1-D267-46A4-8398-60E13FC1F686}.Release|Any CPU.ActiveCfg = Release|Any CPU
		{D5B8C4A1-D267-46A4-8398-60E13FC1F686}.Release|Any CPU.Build.0 = Release|Any CPU
		{E1DFA2E3-57D0-425C-AF8A-40F04E3F163B}.Debug|Any CPU.ActiveCfg = Debug|Any CPU
		{E1DFA2E3-57D0-425C-AF8A-40F04E3F163B}.Debug|Any CPU.Build.0 = Debug|Any CPU
		{E1DFA2E3-57D0-425C-AF8A-40F04E3F163B}.Release|Any CPU.ActiveCfg = Release|Any CPU
		{E1DFA2E3-57D0-425C-AF8A-40F04E3F163B}.Release|Any CPU.Build.0 = Release|Any CPU
		{BC8872C7-6187-48D0-B5B9-B8FBF2633777}.Debug|Any CPU.ActiveCfg = Debug|Any CPU
		{BC8872C7-6187-48D0-B5B9-B8FBF2633777}.Debug|Any CPU.Build.0 = Debug|Any CPU
		{BC8872C7-6187-48D0-B5B9-B8FBF2633777}.Release|Any CPU.ActiveCfg = Release|Any CPU
		{BC8872C7-6187-48D0-B5B9-B8FBF2633777}.Release|Any CPU.Build.0 = Release|Any CPU
		{0D4423B1-60B6-4623-AD97-BB3E423AB91B}.Debug|Any CPU.ActiveCfg = Debug|Any CPU
		{0D4423B1-60B6-4623-AD97-BB3E423AB91B}.Debug|Any CPU.Build.0 = Debug|Any CPU
		{0D4423B1-60B6-4623-AD97-BB3E423AB91B}.Release|Any CPU.ActiveCfg = Release|Any CPU
		{0D4423B1-60B6-4623-AD97-BB3E423AB91B}.Release|Any CPU.Build.0 = Release|Any CPU
		{6AD36A58-AB17-41EF-8F88-B2F802C36D32}.Debug|Any CPU.ActiveCfg = Debug|Any CPU
		{6AD36A58-AB17-41EF-8F88-B2F802C36D32}.Debug|Any CPU.Build.0 = Debug|Any CPU
		{6AD36A58-AB17-41EF-8F88-B2F802C36D32}.Release|Any CPU.ActiveCfg = Release|Any CPU
		{6AD36A58-AB17-41EF-8F88-B2F802C36D32}.Release|Any CPU.Build.0 = Release|Any CPU
		{ACC3CC82-EC38-4550-94E4-F7A772FAA089}.Debug|Any CPU.ActiveCfg = Debug|Any CPU
		{ACC3CC82-EC38-4550-94E4-F7A772FAA089}.Debug|Any CPU.Build.0 = Debug|Any CPU
		{ACC3CC82-EC38-4550-94E4-F7A772FAA089}.Release|Any CPU.ActiveCfg = Release|Any CPU
		{ACC3CC82-EC38-4550-94E4-F7A772FAA089}.Release|Any CPU.Build.0 = Release|Any CPU
		{3FA3004D-1C07-47E0-ADE0-316A45579DEE}.Debug|Any CPU.ActiveCfg = Debug|Any CPU
		{3FA3004D-1C07-47E0-ADE0-316A45579DEE}.Debug|Any CPU.Build.0 = Debug|Any CPU
		{3FA3004D-1C07-47E0-ADE0-316A45579DEE}.Release|Any CPU.ActiveCfg = Release|Any CPU
		{3FA3004D-1C07-47E0-ADE0-316A45579DEE}.Release|Any CPU.Build.0 = Release|Any CPU
		{9BBFCF1E-7233-464A-B498-4BE5A3E16EC3}.Debug|Any CPU.ActiveCfg = Debug|Any CPU
		{9BBFCF1E-7233-464A-B498-4BE5A3E16EC3}.Debug|Any CPU.Build.0 = Debug|Any CPU
		{9BBFCF1E-7233-464A-B498-4BE5A3E16EC3}.Release|Any CPU.ActiveCfg = Release|Any CPU
		{9BBFCF1E-7233-464A-B498-4BE5A3E16EC3}.Release|Any CPU.Build.0 = Release|Any CPU
		{3F62E907-1AC8-4EEE-8D1C-2EA4A8409DD4}.Debug|Any CPU.ActiveCfg = Debug|Any CPU
		{3F62E907-1AC8-4EEE-8D1C-2EA4A8409DD4}.Debug|Any CPU.Build.0 = Debug|Any CPU
		{3F62E907-1AC8-4EEE-8D1C-2EA4A8409DD4}.Release|Any CPU.ActiveCfg = Release|Any CPU
		{3F62E907-1AC8-4EEE-8D1C-2EA4A8409DD4}.Release|Any CPU.Build.0 = Release|Any CPU
		{D862DC05-EF7F-4930-9A33-D349724A0B50}.Debug|Any CPU.ActiveCfg = Debug|Any CPU
		{D862DC05-EF7F-4930-9A33-D349724A0B50}.Debug|Any CPU.Build.0 = Debug|Any CPU
		{D862DC05-EF7F-4930-9A33-D349724A0B50}.Release|Any CPU.ActiveCfg = Release|Any CPU
		{D862DC05-EF7F-4930-9A33-D349724A0B50}.Release|Any CPU.Build.0 = Release|Any CPU
		{6211E066-7021-4FBB-AE67-4D6EAE9D393E}.Debug|Any CPU.ActiveCfg = Debug|Any CPU
		{6211E066-7021-4FBB-AE67-4D6EAE9D393E}.Debug|Any CPU.Build.0 = Debug|Any CPU
		{6211E066-7021-4FBB-AE67-4D6EAE9D393E}.Release|Any CPU.ActiveCfg = Release|Any CPU
		{6211E066-7021-4FBB-AE67-4D6EAE9D393E}.Release|Any CPU.Build.0 = Release|Any CPU
		{B632B073-41E4-421A-BD61-6AC62E9E970E}.Debug|Any CPU.ActiveCfg = Debug|Any CPU
		{B632B073-41E4-421A-BD61-6AC62E9E970E}.Debug|Any CPU.Build.0 = Debug|Any CPU
		{B632B073-41E4-421A-BD61-6AC62E9E970E}.Release|Any CPU.ActiveCfg = Release|Any CPU
		{B632B073-41E4-421A-BD61-6AC62E9E970E}.Release|Any CPU.Build.0 = Release|Any CPU
	EndGlobalSection
	GlobalSection(SolutionProperties) = preSolution
		HideSolutionNode = FALSE
	EndGlobalSection
	GlobalSection(ExtensibilityGlobals) = postSolution
		SolutionGuid = {07AC3E66-4BD1-456D-B878-7C993D012FD6}
	EndGlobalSection
EndGlobal
