
Microsoft Visual Studio Solution File, Format Version 12.00
# Visual Studio Version 16
VisualStudioVersion = 16.0.31213.239
MinimumVisualStudioVersion = 10.0.40219.1
Project("{9A19103F-16F7-4668-BE54-9A1E7A4F7556}") = "System.NumericsX", "System.NumericsX\System.NumericsX.csproj", "{64FFDBCE-DAD1-45CD-9D50-F976357B3713}"
EndProject
Project("{9A19103F-16F7-4668-BE54-9A1E7A4F7556}") = "System.NumericsX.OpenAL", "System.NumericsX.OpenAL\System.NumericsX.OpenAL.csproj", "{D6A18A7D-9C3B-44BB-AFA7-3B2C5BCC59C2}"
EndProject
Project("{9A19103F-16F7-4668-BE54-9A1E7A4F7556}") = "System.NumericsX.OpenStack", "System.NumericsX.OpenStack\System.NumericsX.OpenStack.csproj", "{410D374D-CF5C-40FF-B09E-F3FDDE8F4B43}"
EndProject
Project("{9A19103F-16F7-4668-BE54-9A1E7A4F7556}") = "System.NumericsX.OpenStack.System", "System.NumericsX.OpenStack.System\System.NumericsX.OpenStack.System.csproj", "{6478AE9F-D058-4089-AB7E-014CE034FF24}"
EndProject
Project("{9A19103F-16F7-4668-BE54-9A1E7A4F7556}") = "System.NumericsX.Tests", "System.NumericsX.Tests\System.NumericsX.Tests.csproj", "{74E7BE5E-1C1B-4350-97B5-9B0184376F08}"
EndProject
Project("{9A19103F-16F7-4668-BE54-9A1E7A4F7556}") = "System.NumericsX.OggVorbis", "System.NumericsX.OggVorbis\System.NumericsX.OggVorbis.csproj", "{678F4B97-23EE-4FA7-8363-5D046E5434E2}"
EndProject
Global
	GlobalSection(SolutionConfigurationPlatforms) = preSolution
		Debug|Any CPU = Debug|Any CPU
		Release|Any CPU = Release|Any CPU
	EndGlobalSection
	GlobalSection(ProjectConfigurationPlatforms) = postSolution
		{64FFDBCE-DAD1-45CD-9D50-F976357B3713}.Debug|Any CPU.ActiveCfg = Debug|Any CPU
		{64FFDBCE-DAD1-45CD-9D50-F976357B3713}.Debug|Any CPU.Build.0 = Debug|Any CPU
		{64FFDBCE-DAD1-45CD-9D50-F976357B3713}.Release|Any CPU.ActiveCfg = Release|Any CPU
		{64FFDBCE-DAD1-45CD-9D50-F976357B3713}.Release|Any CPU.Build.0 = Release|Any CPU
		{D6A18A7D-9C3B-44BB-AFA7-3B2C5BCC59C2}.Debug|Any CPU.ActiveCfg = Debug|Any CPU
		{D6A18A7D-9C3B-44BB-AFA7-3B2C5BCC59C2}.Debug|Any CPU.Build.0 = Debug|Any CPU
		{D6A18A7D-9C3B-44BB-AFA7-3B2C5BCC59C2}.Release|Any CPU.ActiveCfg = Release|Any CPU
		{D6A18A7D-9C3B-44BB-AFA7-3B2C5BCC59C2}.Release|Any CPU.Build.0 = Release|Any CPU
		{410D374D-CF5C-40FF-B09E-F3FDDE8F4B43}.Debug|Any CPU.ActiveCfg = Debug|Any CPU
		{410D374D-CF5C-40FF-B09E-F3FDDE8F4B43}.Debug|Any CPU.Build.0 = Debug|Any CPU
		{410D374D-CF5C-40FF-B09E-F3FDDE8F4B43}.Release|Any CPU.ActiveCfg = Release|Any CPU
		{410D374D-CF5C-40FF-B09E-F3FDDE8F4B43}.Release|Any CPU.Build.0 = Release|Any CPU
		{6478AE9F-D058-4089-AB7E-014CE034FF24}.Debug|Any CPU.ActiveCfg = Debug|Any CPU
		{6478AE9F-D058-4089-AB7E-014CE034FF24}.Debug|Any CPU.Build.0 = Debug|Any CPU
		{6478AE9F-D058-4089-AB7E-014CE034FF24}.Release|Any CPU.ActiveCfg = Release|Any CPU
		{6478AE9F-D058-4089-AB7E-014CE034FF24}.Release|Any CPU.Build.0 = Release|Any CPU
		{74E7BE5E-1C1B-4350-97B5-9B0184376F08}.Debug|Any CPU.ActiveCfg = Debug|Any CPU
		{74E7BE5E-1C1B-4350-97B5-9B0184376F08}.Debug|Any CPU.Build.0 = Debug|Any CPU
		{74E7BE5E-1C1B-4350-97B5-9B0184376F08}.Release|Any CPU.ActiveCfg = Release|Any CPU
		{74E7BE5E-1C1B-4350-97B5-9B0184376F08}.Release|Any CPU.Build.0 = Release|Any CPU
		{678F4B97-23EE-4FA7-8363-5D046E5434E2}.Debug|Any CPU.ActiveCfg = Debug|Any CPU
		{678F4B97-23EE-4FA7-8363-5D046E5434E2}.Debug|Any CPU.Build.0 = Debug|Any CPU
		{678F4B97-23EE-4FA7-8363-5D046E5434E2}.Release|Any CPU.ActiveCfg = Release|Any CPU
		{678F4B97-23EE-4FA7-8363-5D046E5434E2}.Release|Any CPU.Build.0 = Release|Any CPU
	EndGlobalSection
	GlobalSection(SolutionProperties) = preSolution
		HideSolutionNode = FALSE
	EndGlobalSection
	GlobalSection(ExtensibilityGlobals) = postSolution
		SolutionGuid = {07AC3E66-4BD1-456D-B878-7C993D012FD6}
	EndGlobalSection
EndGlobal
